
Microsoft Visual Studio Solution File, Format Version 12.00
# Visual Studio Version 16
VisualStudioVersion = 16.0.30907.101
MinimumVisualStudioVersion = 10.0.40219.1
Project("{FAE04EC0-301F-11D3-BF4B-00C04F79EFBC}") = "Gamadu.PVA.Shell", "Gamadu.PVA.Shell\Gamadu.PVA.Shell.csproj", "{B5B5B529-AA59-4884-AD8C-770426B5BE5E}"
EndProject
Project("{FAE04EC0-301F-11D3-BF4B-00C04F79EFBC}") = "Gamadu.PVA.Views.Personal", "Gamadu.PVA.Views.Personal\Gamadu.PVA.Views.Personal.csproj", "{9910FA14-A793-4AD0-867A-0E9A2F850F7E}"
EndProject
Project("{FAE04EC0-301F-11D3-BF4B-00C04F79EFBC}") = "Gamadu.PVA.Resources", "Gamadu.PVA.Resources\Gamadu.PVA.Resources.csproj", "{795D6CD2-6B0B-4ADF-8409-BB504C2E15A8}"
EndProject
Project("{FAE04EC0-301F-11D3-BF4B-00C04F79EFBC}") = "Gamadu.PVA.Views.Departments", "Gamadu.PVA.Views.Departments\Gamadu.PVA.Views.Departments.csproj", "{8E134F86-E024-436D-98E0-E138061E3180}"
EndProject
Project("{FAE04EC0-301F-11D3-BF4B-00C04F79EFBC}") = "Gamadu.PVA.Views.Contracts", "Gamadu.PVA.Views.Contracts\Gamadu.PVA.Views.Contracts.csproj", "{67C3186B-CAA4-4062-A797-BC97B7493080}"
EndProject
Project("{FAE04EC0-301F-11D3-BF4B-00C04F79EFBC}") = "Gamadu.PVA.Views.Resources", "Gamadu.PVA.Views.Resources\Gamadu.PVA.Views.Resources.csproj", "{51CABFC3-D69C-4C5F-B883-3E52F9FBAF97}"
EndProject
Project("{FAE04EC0-301F-11D3-BF4B-00C04F79EFBC}") = "Gamadu.PVA.Views.Rooms", "Gamadu.PVA.Views.Rooms\Gamadu.PVA.Views.Rooms.csproj", "{6DF19CDF-8EEB-4063-8F22-552D391DF294}"
EndProject
Project("{FAE04EC0-301F-11D3-BF4B-00C04F79EFBC}") = "Gamadu.PVA.Views.Positions", "Gamadu.PVA.Views.Positions\Gamadu.PVA.Views.Positions.csproj", "{D16B82F9-C4E7-4084-8701-141B3211CC8F}"
EndProject
Project("{FAE04EC0-301F-11D3-BF4B-00C04F79EFBC}") = "Gamadu.PVA.Business", "Gamadu.PVA.Business\Gamadu.PVA.Business.csproj", "{656BCE80-AB8A-4DD3-806D-578C3BBAE98B}"
EndProject
Project("{FAE04EC0-301F-11D3-BF4B-00C04F79EFBC}") = "Gamadu.PVA.Business.DataAccess.SQLite", "Gamadu.PVA.Business.DataAccess.SQLite\Gamadu.PVA.Business.DataAccess.SQLite.csproj", "{A1477FF8-577E-48C3-9C33-9B1F43D2189D}"
EndProject
Global
	GlobalSection(SolutionConfigurationPlatforms) = preSolution
		Debug|Any CPU = Debug|Any CPU
		Release|Any CPU = Release|Any CPU
	EndGlobalSection
	GlobalSection(ProjectConfigurationPlatforms) = postSolution
		{B5B5B529-AA59-4884-AD8C-770426B5BE5E}.Debug|Any CPU.ActiveCfg = Debug|Any CPU
		{B5B5B529-AA59-4884-AD8C-770426B5BE5E}.Debug|Any CPU.Build.0 = Debug|Any CPU
		{B5B5B529-AA59-4884-AD8C-770426B5BE5E}.Release|Any CPU.ActiveCfg = Release|Any CPU
		{B5B5B529-AA59-4884-AD8C-770426B5BE5E}.Release|Any CPU.Build.0 = Release|Any CPU
		{9910FA14-A793-4AD0-867A-0E9A2F850F7E}.Debug|Any CPU.ActiveCfg = Debug|Any CPU
		{9910FA14-A793-4AD0-867A-0E9A2F850F7E}.Debug|Any CPU.Build.0 = Debug|Any CPU
		{9910FA14-A793-4AD0-867A-0E9A2F850F7E}.Release|Any CPU.ActiveCfg = Release|Any CPU
		{9910FA14-A793-4AD0-867A-0E9A2F850F7E}.Release|Any CPU.Build.0 = Release|Any CPU
		{795D6CD2-6B0B-4ADF-8409-BB504C2E15A8}.Debug|Any CPU.ActiveCfg = Debug|Any CPU
		{795D6CD2-6B0B-4ADF-8409-BB504C2E15A8}.Debug|Any CPU.Build.0 = Debug|Any CPU
		{795D6CD2-6B0B-4ADF-8409-BB504C2E15A8}.Release|Any CPU.ActiveCfg = Release|Any CPU
		{795D6CD2-6B0B-4ADF-8409-BB504C2E15A8}.Release|Any CPU.Build.0 = Release|Any CPU
		{8E134F86-E024-436D-98E0-E138061E3180}.Debug|Any CPU.ActiveCfg = Debug|Any CPU
		{8E134F86-E024-436D-98E0-E138061E3180}.Debug|Any CPU.Build.0 = Debug|Any CPU
		{8E134F86-E024-436D-98E0-E138061E3180}.Release|Any CPU.ActiveCfg = Release|Any CPU
		{8E134F86-E024-436D-98E0-E138061E3180}.Release|Any CPU.Build.0 = Release|Any CPU
		{67C3186B-CAA4-4062-A797-BC97B7493080}.Debug|Any CPU.ActiveCfg = Debug|Any CPU
		{67C3186B-CAA4-4062-A797-BC97B7493080}.Debug|Any CPU.Build.0 = Debug|Any CPU
		{67C3186B-CAA4-4062-A797-BC97B7493080}.Release|Any CPU.ActiveCfg = Release|Any CPU
		{67C3186B-CAA4-4062-A797-BC97B7493080}.Release|Any CPU.Build.0 = Release|Any CPU
		{51CABFC3-D69C-4C5F-B883-3E52F9FBAF97}.Debug|Any CPU.ActiveCfg = Debug|Any CPU
		{51CABFC3-D69C-4C5F-B883-3E52F9FBAF97}.Debug|Any CPU.Build.0 = Debug|Any CPU
		{51CABFC3-D69C-4C5F-B883-3E52F9FBAF97}.Release|Any CPU.ActiveCfg = Release|Any CPU
		{51CABFC3-D69C-4C5F-B883-3E52F9FBAF97}.Release|Any CPU.Build.0 = Release|Any CPU
		{6DF19CDF-8EEB-4063-8F22-552D391DF294}.Debug|Any CPU.ActiveCfg = Debug|Any CPU
		{6DF19CDF-8EEB-4063-8F22-552D391DF294}.Debug|Any CPU.Build.0 = Debug|Any CPU
		{6DF19CDF-8EEB-4063-8F22-552D391DF294}.Release|Any CPU.ActiveCfg = Release|Any CPU
		{6DF19CDF-8EEB-4063-8F22-552D391DF294}.Release|Any CPU.Build.0 = Release|Any CPU
		{D16B82F9-C4E7-4084-8701-141B3211CC8F}.Debug|Any CPU.ActiveCfg = Debug|Any CPU
		{D16B82F9-C4E7-4084-8701-141B3211CC8F}.Debug|Any CPU.Build.0 = Debug|Any CPU
		{D16B82F9-C4E7-4084-8701-141B3211CC8F}.Release|Any CPU.ActiveCfg = Release|Any CPU
		{D16B82F9-C4E7-4084-8701-141B3211CC8F}.Release|Any CPU.Build.0 = Release|Any CPU
		{656BCE80-AB8A-4DD3-806D-578C3BBAE98B}.Debug|Any CPU.ActiveCfg = Debug|Any CPU
		{656BCE80-AB8A-4DD3-806D-578C3BBAE98B}.Debug|Any CPU.Build.0 = Debug|Any CPU
		{656BCE80-AB8A-4DD3-806D-578C3BBAE98B}.Release|Any CPU.ActiveCfg = Release|Any CPU
		{656BCE80-AB8A-4DD3-806D-578C3BBAE98B}.Release|Any CPU.Build.0 = Release|Any CPU
		{A1477FF8-577E-48C3-9C33-9B1F43D2189D}.Debug|Any CPU.ActiveCfg = Debug|Any CPU
		{A1477FF8-577E-48C3-9C33-9B1F43D2189D}.Debug|Any CPU.Build.0 = Debug|Any CPU
		{A1477FF8-577E-48C3-9C33-9B1F43D2189D}.Release|Any CPU.ActiveCfg = Release|Any CPU
		{A1477FF8-577E-48C3-9C33-9B1F43D2189D}.Release|Any CPU.Build.0 = Release|Any CPU
	EndGlobalSection
	GlobalSection(SolutionProperties) = preSolution
		HideSolutionNode = FALSE
	EndGlobalSection
	GlobalSection(ExtensibilityGlobals) = postSolution
		SolutionGuid = {B7D20EB0-045C-41B8-9382-55B59E484182}
	EndGlobalSection
EndGlobal
