
Microsoft Visual Studio Solution File, Format Version 12.00
# Visual Studio Version 16
VisualStudioVersion = 16.0.30907.101
MinimumVisualStudioVersion = 10.0.40219.1
Project("{FAE04EC0-301F-11D3-BF4B-00C04F79EFBC}") = "Gamadu.PVA.Shell", "Gamadu.PVA.Shell\Gamadu.PVA.Shell.csproj", "{B5B5B529-AA59-4884-AD8C-770426B5BE5E}"
EndProject
Project("{FAE04EC0-301F-11D3-BF4B-00C04F79EFBC}") = "Gamadu.PVA.Personal", "Gamadu.PVA.Personal\Gamadu.PVA.Personal.csproj", "{9910FA14-A793-4AD0-867A-0E9A2F850F7E}"
EndProject
Global
	GlobalSection(SolutionConfigurationPlatforms) = preSolution
		Debug|Any CPU = Debug|Any CPU
		Release|Any CPU = Release|Any CPU
	EndGlobalSection
	GlobalSection(ProjectConfigurationPlatforms) = postSolution
		{B5B5B529-AA59-4884-AD8C-770426B5BE5E}.Debug|Any CPU.ActiveCfg = Debug|Any CPU
		{B5B5B529-AA59-4884-AD8C-770426B5BE5E}.Debug|Any CPU.Build.0 = Debug|Any CPU
		{B5B5B529-AA59-4884-AD8C-770426B5BE5E}.Release|Any CPU.ActiveCfg = Release|Any CPU
		{B5B5B529-AA59-4884-AD8C-770426B5BE5E}.Release|Any CPU.Build.0 = Release|Any CPU
		{9910FA14-A793-4AD0-867A-0E9A2F850F7E}.Debug|Any CPU.ActiveCfg = Debug|Any CPU
		{9910FA14-A793-4AD0-867A-0E9A2F850F7E}.Debug|Any CPU.Build.0 = Debug|Any CPU
		{9910FA14-A793-4AD0-867A-0E9A2F850F7E}.Release|Any CPU.ActiveCfg = Release|Any CPU
		{9910FA14-A793-4AD0-867A-0E9A2F850F7E}.Release|Any CPU.Build.0 = Release|Any CPU
	EndGlobalSection
	GlobalSection(SolutionProperties) = preSolution
		HideSolutionNode = FALSE
	EndGlobalSection
	GlobalSection(ExtensibilityGlobals) = postSolution
		SolutionGuid = {B7D20EB0-045C-41B8-9382-55B59E484182}
	EndGlobalSection
EndGlobal
